// !$*UTF8*$!
{
	archiveVersion = 1;
	classes = {
	};
	objectVersion = 46;
	objects = {

/* Begin PBXBuildFile section */
		31478E2D1D4F46DB006550B2 /* AppDelegate.swift in Sources */ = {isa = PBXBuildFile; fileRef = 31478E2C1D4F46DB006550B2 /* AppDelegate.swift */; };
		31478E2F1D4F46DB006550B2 /* ViewController.swift in Sources */ = {isa = PBXBuildFile; fileRef = 31478E2E1D4F46DB006550B2 /* ViewController.swift */; };
		31478E321D4F46DB006550B2 /* Main.storyboard in Resources */ = {isa = PBXBuildFile; fileRef = 31478E301D4F46DB006550B2 /* Main.storyboard */; };
		31478E351D4F46DB006550B2 /* Live_Weather.xcdatamodeld in Sources */ = {isa = PBXBuildFile; fileRef = 31478E331D4F46DB006550B2 /* Live_Weather.xcdatamodeld */; };
		31478E371D4F46DB006550B2 /* Assets.xcassets in Resources */ = {isa = PBXBuildFile; fileRef = 31478E361D4F46DB006550B2 /* Assets.xcassets */; };
		31478E3A1D4F46DB006550B2 /* LaunchScreen.storyboard in Resources */ = {isa = PBXBuildFile; fileRef = 31478E381D4F46DB006550B2 /* LaunchScreen.storyboard */; };
		31478E451D4F46DB006550B2 /* Live_WeatherTests.swift in Sources */ = {isa = PBXBuildFile; fileRef = 31478E441D4F46DB006550B2 /* Live_WeatherTests.swift */; };
		31478E501D4F46DB006550B2 /* Live_WeatherUITests.swift in Sources */ = {isa = PBXBuildFile; fileRef = 31478E4F1D4F46DB006550B2 /* Live_WeatherUITests.swift */; };
		31478E5E1D4F544D006550B2 /* WeatherService.swift in Sources */ = {isa = PBXBuildFile; fileRef = 31478E5D1D4F544D006550B2 /* WeatherService.swift */; };
		31478E601D4F5A64006550B2 /* Weather.swift in Sources */ = {isa = PBXBuildFile; fileRef = 31478E5F1D4F5A64006550B2 /* Weather.swift */; };
		31B4E78F1D4F7A42005710AD /* SwiftyJSON.swift in Sources */ = {isa = PBXBuildFile; fileRef = 31B4E78E1D4F7A42005710AD /* SwiftyJSON.swift */; };
		31B4E7911D4F8834005710AD /* Background.jpg in Resources */ = {isa = PBXBuildFile; fileRef = 31B4E7901D4F8834005710AD /* Background.jpg */; };
/* End PBXBuildFile section */

/* Begin PBXContainerItemProxy section */
		31478E411D4F46DB006550B2 /* PBXContainerItemProxy */ = {
			isa = PBXContainerItemProxy;
			containerPortal = 31478E211D4F46DB006550B2 /* Project object */;
			proxyType = 1;
			remoteGlobalIDString = 31478E281D4F46DB006550B2;
			remoteInfo = Live_Weather;
		};
		31478E4C1D4F46DB006550B2 /* PBXContainerItemProxy */ = {
			isa = PBXContainerItemProxy;
			containerPortal = 31478E211D4F46DB006550B2 /* Project object */;
			proxyType = 1;
			remoteGlobalIDString = 31478E281D4F46DB006550B2;
			remoteInfo = Live_Weather;
		};
/* End PBXContainerItemProxy section */

/* Begin PBXFileReference section */
		31478E291D4F46DB006550B2 /* Live_Weather.app */ = {isa = PBXFileReference; explicitFileType = wrapper.application; includeInIndex = 0; path = Live_Weather.app; sourceTree = BUILT_PRODUCTS_DIR; };
		31478E2C1D4F46DB006550B2 /* AppDelegate.swift */ = {isa = PBXFileReference; lastKnownFileType = sourcecode.swift; path = AppDelegate.swift; sourceTree = "<group>"; };
		31478E2E1D4F46DB006550B2 /* ViewController.swift */ = {isa = PBXFileReference; lastKnownFileType = sourcecode.swift; path = ViewController.swift; sourceTree = "<group>"; };
		31478E311D4F46DB006550B2 /* Base */ = {isa = PBXFileReference; lastKnownFileType = file.storyboard; name = Base; path = Base.lproj/Main.storyboard; sourceTree = "<group>"; };
		31478E341D4F46DB006550B2 /* Live_Weather.xcdatamodel */ = {isa = PBXFileReference; lastKnownFileType = wrapper.xcdatamodel; path = Live_Weather.xcdatamodel; sourceTree = "<group>"; };
		31478E361D4F46DB006550B2 /* Assets.xcassets */ = {isa = PBXFileReference; lastKnownFileType = folder.assetcatalog; path = Assets.xcassets; sourceTree = "<group>"; };
		31478E391D4F46DB006550B2 /* Base */ = {isa = PBXFileReference; lastKnownFileType = file.storyboard; name = Base; path = Base.lproj/LaunchScreen.storyboard; sourceTree = "<group>"; };
		31478E3B1D4F46DB006550B2 /* Info.plist */ = {isa = PBXFileReference; lastKnownFileType = text.plist.xml; path = Info.plist; sourceTree = "<group>"; };
		31478E401D4F46DB006550B2 /* Live_WeatherTests.xctest */ = {isa = PBXFileReference; explicitFileType = wrapper.cfbundle; includeInIndex = 0; path = Live_WeatherTests.xctest; sourceTree = BUILT_PRODUCTS_DIR; };
		31478E441D4F46DB006550B2 /* Live_WeatherTests.swift */ = {isa = PBXFileReference; lastKnownFileType = sourcecode.swift; path = Live_WeatherTests.swift; sourceTree = "<group>"; };
		31478E461D4F46DB006550B2 /* Info.plist */ = {isa = PBXFileReference; lastKnownFileType = text.plist.xml; path = Info.plist; sourceTree = "<group>"; };
		31478E4B1D4F46DB006550B2 /* Live_WeatherUITests.xctest */ = {isa = PBXFileReference; explicitFileType = wrapper.cfbundle; includeInIndex = 0; path = Live_WeatherUITests.xctest; sourceTree = BUILT_PRODUCTS_DIR; };
		31478E4F1D4F46DB006550B2 /* Live_WeatherUITests.swift */ = {isa = PBXFileReference; lastKnownFileType = sourcecode.swift; path = Live_WeatherUITests.swift; sourceTree = "<group>"; };
		31478E511D4F46DB006550B2 /* Info.plist */ = {isa = PBXFileReference; lastKnownFileType = text.plist.xml; path = Info.plist; sourceTree = "<group>"; };
		31478E5D1D4F544D006550B2 /* WeatherService.swift */ = {isa = PBXFileReference; fileEncoding = 4; lastKnownFileType = sourcecode.swift; path = WeatherService.swift; sourceTree = "<group>"; };
		31478E5F1D4F5A64006550B2 /* Weather.swift */ = {isa = PBXFileReference; fileEncoding = 4; lastKnownFileType = sourcecode.swift; path = Weather.swift; sourceTree = "<group>"; };
		31B4E78E1D4F7A42005710AD /* SwiftyJSON.swift */ = {isa = PBXFileReference; fileEncoding = 4; lastKnownFileType = sourcecode.swift; path = SwiftyJSON.swift; sourceTree = "<group>"; };
		31B4E7901D4F8834005710AD /* Background.jpg */ = {isa = PBXFileReference; lastKnownFileType = image.jpeg; path = Background.jpg; sourceTree = "<group>"; };
/* End PBXFileReference section */

/* Begin PBXFrameworksBuildPhase section */
		31478E261D4F46DB006550B2 /* Frameworks */ = {
			isa = PBXFrameworksBuildPhase;
			buildActionMask = 2147483647;
			files = (
			);
			runOnlyForDeploymentPostprocessing = 0;
		};
		31478E3D1D4F46DB006550B2 /* Frameworks */ = {
			isa = PBXFrameworksBuildPhase;
			buildActionMask = 2147483647;
			files = (
			);
			runOnlyForDeploymentPostprocessing = 0;
		};
		31478E481D4F46DB006550B2 /* Frameworks */ = {
			isa = PBXFrameworksBuildPhase;
			buildActionMask = 2147483647;
			files = (
			);
			runOnlyForDeploymentPostprocessing = 0;
		};
/* End PBXFrameworksBuildPhase section */

/* Begin PBXGroup section */
		31478E201D4F46DB006550B2 = {
			isa = PBXGroup;
			children = (
				31478E2B1D4F46DB006550B2 /* Live_Weather */,
				31478E431D4F46DB006550B2 /* Live_WeatherTests */,
				31478E4E1D4F46DB006550B2 /* Live_WeatherUITests */,
				31478E2A1D4F46DB006550B2 /* Products */,
			);
			sourceTree = "<group>";
		};
		31478E2A1D4F46DB006550B2 /* Products */ = {
			isa = PBXGroup;
			children = (
				31478E291D4F46DB006550B2 /* Live_Weather.app */,
				31478E401D4F46DB006550B2 /* Live_WeatherTests.xctest */,
				31478E4B1D4F46DB006550B2 /* Live_WeatherUITests.xctest */,
			);
			name = Products;
			sourceTree = "<group>";
		};
		31478E2B1D4F46DB006550B2 /* Live_Weather */ = {
			isa = PBXGroup;
			children = (
				31478E2C1D4F46DB006550B2 /* AppDelegate.swift */,
				31478E2E1D4F46DB006550B2 /* ViewController.swift */,
				31478E5D1D4F544D006550B2 /* WeatherService.swift */,
				31478E5F1D4F5A64006550B2 /* Weather.swift */,
				31478E301D4F46DB006550B2 /* Main.storyboard */,
				31B4E7901D4F8834005710AD /* Background.jpg */,
				31B4E78E1D4F7A42005710AD /* SwiftyJSON.swift */,
				31478E361D4F46DB006550B2 /* Assets.xcassets */,
				31478E381D4F46DB006550B2 /* LaunchScreen.storyboard */,
				31478E3B1D4F46DB006550B2 /* Info.plist */,
				31478E331D4F46DB006550B2 /* Live_Weather.xcdatamodeld */,
			);
			path = Live_Weather;
			sourceTree = "<group>";
		};
		31478E431D4F46DB006550B2 /* Live_WeatherTests */ = {
			isa = PBXGroup;
			children = (
				31478E441D4F46DB006550B2 /* Live_WeatherTests.swift */,
				31478E461D4F46DB006550B2 /* Info.plist */,
			);
			path = Live_WeatherTests;
			sourceTree = "<group>";
		};
		31478E4E1D4F46DB006550B2 /* Live_WeatherUITests */ = {
			isa = PBXGroup;
			children = (
				31478E4F1D4F46DB006550B2 /* Live_WeatherUITests.swift */,
				31478E511D4F46DB006550B2 /* Info.plist */,
			);
			path = Live_WeatherUITests;
			sourceTree = "<group>";
		};
/* End PBXGroup section */

/* Begin PBXNativeTarget section */
		31478E281D4F46DB006550B2 /* Live_Weather */ = {
			isa = PBXNativeTarget;
			buildConfigurationList = 31478E541D4F46DB006550B2 /* Build configuration list for PBXNativeTarget "Live_Weather" */;
			buildPhases = (
				31478E251D4F46DB006550B2 /* Sources */,
				31478E261D4F46DB006550B2 /* Frameworks */,
				31478E271D4F46DB006550B2 /* Resources */,
			);
			buildRules = (
			);
			dependencies = (
			);
			name = Live_Weather;
			productName = Live_Weather;
			productReference = 31478E291D4F46DB006550B2 /* Live_Weather.app */;
			productType = "com.apple.product-type.application";
		};
		31478E3F1D4F46DB006550B2 /* Live_WeatherTests */ = {
			isa = PBXNativeTarget;
			buildConfigurationList = 31478E571D4F46DB006550B2 /* Build configuration list for PBXNativeTarget "Live_WeatherTests" */;
			buildPhases = (
				31478E3C1D4F46DB006550B2 /* Sources */,
				31478E3D1D4F46DB006550B2 /* Frameworks */,
				31478E3E1D4F46DB006550B2 /* Resources */,
			);
			buildRules = (
			);
			dependencies = (
				31478E421D4F46DB006550B2 /* PBXTargetDependency */,
			);
			name = Live_WeatherTests;
			productName = Live_WeatherTests;
			productReference = 31478E401D4F46DB006550B2 /* Live_WeatherTests.xctest */;
			productType = "com.apple.product-type.bundle.unit-test";
		};
		31478E4A1D4F46DB006550B2 /* Live_WeatherUITests */ = {
			isa = PBXNativeTarget;
			buildConfigurationList = 31478E5A1D4F46DB006550B2 /* Build configuration list for PBXNativeTarget "Live_WeatherUITests" */;
			buildPhases = (
				31478E471D4F46DB006550B2 /* Sources */,
				31478E481D4F46DB006550B2 /* Frameworks */,
				31478E491D4F46DB006550B2 /* Resources */,
			);
			buildRules = (
			);
			dependencies = (
				31478E4D1D4F46DB006550B2 /* PBXTargetDependency */,
			);
			name = Live_WeatherUITests;
			productName = Live_WeatherUITests;
			productReference = 31478E4B1D4F46DB006550B2 /* Live_WeatherUITests.xctest */;
			productType = "com.apple.product-type.bundle.ui-testing";
		};
/* End PBXNativeTarget section */

/* Begin PBXProject section */
		31478E211D4F46DB006550B2 /* Project object */ = {
			isa = PBXProject;
			attributes = {
				LastSwiftUpdateCheck = 0730;
				LastUpgradeCheck = 0730;
				ORGANIZATIONNAME = "Nikhil Ajay Bachhav_18479";
				TargetAttributes = {
					31478E281D4F46DB006550B2 = {
						CreatedOnToolsVersion = 7.3.1;
						DevelopmentTeam = 4U3XGFQ5V7;
					};
					31478E3F1D4F46DB006550B2 = {
						CreatedOnToolsVersion = 7.3.1;
						TestTargetID = 31478E281D4F46DB006550B2;
					};
					31478E4A1D4F46DB006550B2 = {
						CreatedOnToolsVersion = 7.3.1;
						TestTargetID = 31478E281D4F46DB006550B2;
					};
				};
			};
			buildConfigurationList = 31478E241D4F46DB006550B2 /* Build configuration list for PBXProject "Live_Weather" */;
			compatibilityVersion = "Xcode 3.2";
			developmentRegion = English;
			hasScannedForEncodings = 0;
			knownRegions = (
				en,
				Base,
			);
			mainGroup = 31478E201D4F46DB006550B2;
			productRefGroup = 31478E2A1D4F46DB006550B2 /* Products */;
			projectDirPath = "";
			projectRoot = "";
			targets = (
				31478E281D4F46DB006550B2 /* Live_Weather */,
				31478E3F1D4F46DB006550B2 /* Live_WeatherTests */,
				31478E4A1D4F46DB006550B2 /* Live_WeatherUITests */,
			);
		};
/* End PBXProject section */

/* Begin PBXResourcesBuildPhase section */
		31478E271D4F46DB006550B2 /* Resources */ = {
			isa = PBXResourcesBuildPhase;
			buildActionMask = 2147483647;
			files = (
				31478E3A1D4F46DB006550B2 /* LaunchScreen.storyboard in Resources */,
				31B4E7911D4F8834005710AD /* Background.jpg in Resources */,
				31478E371D4F46DB006550B2 /* Assets.xcassets in Resources */,
				31478E321D4F46DB006550B2 /* Main.storyboard in Resources */,
			);
			runOnlyForDeploymentPostprocessing = 0;
		};
		31478E3E1D4F46DB006550B2 /* Resources */ = {
			isa = PBXResourcesBuildPhase;
			buildActionMask = 2147483647;
			files = (
			);
			runOnlyForDeploymentPostprocessing = 0;
		};
		31478E491D4F46DB006550B2 /* Resources */ = {
			isa = PBXResourcesBuildPhase;
			buildActionMask = 2147483647;
			files = (
			);
			runOnlyForDeploymentPostprocessing = 0;
		};
/* End PBXResourcesBuildPhase section */

/* Begin PBXSourcesBuildPhase section */
		31478E251D4F46DB006550B2 /* Sources */ = {
			isa = PBXSourcesBuildPhase;
			buildActionMask = 2147483647;
			files = (
				31478E5E1D4F544D006550B2 /* WeatherService.swift in Sources */,
				31478E351D4F46DB006550B2 /* Live_Weather.xcdatamodeld in Sources */,
				31478E2F1D4F46DB006550B2 /* ViewController.swift in Sources */,
				31B4E78F1D4F7A42005710AD /* SwiftyJSON.swift in Sources */,
				31478E2D1D4F46DB006550B2 /* AppDelegate.swift in Sources */,
				31478E601D4F5A64006550B2 /* Weather.swift in Sources */,
			);
			runOnlyForDeploymentPostprocessing = 0;
		};
		31478E3C1D4F46DB006550B2 /* Sources */ = {
			isa = PBXSourcesBuildPhase;
			buildActionMask = 2147483647;
			files = (
				31478E451D4F46DB006550B2 /* Live_WeatherTests.swift in Sources */,
			);
			runOnlyForDeploymentPostprocessing = 0;
		};
		31478E471D4F46DB006550B2 /* Sources */ = {
			isa = PBXSourcesBuildPhase;
			buildActionMask = 2147483647;
			files = (
				31478E501D4F46DB006550B2 /* Live_WeatherUITests.swift in Sources */,
			);
			runOnlyForDeploymentPostprocessing = 0;
		};
/* End PBXSourcesBuildPhase section */

/* Begin PBXTargetDependency section */
		31478E421D4F46DB006550B2 /* PBXTargetDependency */ = {
			isa = PBXTargetDependency;
			target = 31478E281D4F46DB006550B2 /* Live_Weather */;
			targetProxy = 31478E411D4F46DB006550B2 /* PBXContainerItemProxy */;
		};
		31478E4D1D4F46DB006550B2 /* PBXTargetDependency */ = {
			isa = PBXTargetDependency;
			target = 31478E281D4F46DB006550B2 /* Live_Weather */;
			targetProxy = 31478E4C1D4F46DB006550B2 /* PBXContainerItemProxy */;
		};
/* End PBXTargetDependency section */

/* Begin PBXVariantGroup section */
		31478E301D4F46DB006550B2 /* Main.storyboard */ = {
			isa = PBXVariantGroup;
			children = (
				31478E311D4F46DB006550B2 /* Base */,
			);
			name = Main.storyboard;
			sourceTree = "<group>";
		};
		31478E381D4F46DB006550B2 /* LaunchScreen.storyboard */ = {
			isa = PBXVariantGroup;
			children = (
				31478E391D4F46DB006550B2 /* Base */,
			);
			name = LaunchScreen.storyboard;
			sourceTree = "<group>";
		};
/* End PBXVariantGroup section */

/* Begin XCBuildConfiguration section */
		31478E521D4F46DB006550B2 /* Debug */ = {
			isa = XCBuildConfiguration;
			buildSettings = {
				ALWAYS_SEARCH_USER_PATHS = NO;
				CLANG_ANALYZER_NONNULL = YES;
				CLANG_CXX_LANGUAGE_STANDARD = "gnu++0x";
				CLANG_CXX_LIBRARY = "libc++";
				CLANG_ENABLE_MODULES = YES;
				CLANG_ENABLE_OBJC_ARC = YES;
				CLANG_WARN_BOOL_CONVERSION = YES;
				CLANG_WARN_CONSTANT_CONVERSION = YES;
				CLANG_WARN_DIRECT_OBJC_ISA_USAGE = YES_ERROR;
				CLANG_WARN_EMPTY_BODY = YES;
				CLANG_WARN_ENUM_CONVERSION = YES;
				CLANG_WARN_INT_CONVERSION = YES;
				CLANG_WARN_OBJC_ROOT_CLASS = YES_ERROR;
				CLANG_WARN_UNREACHABLE_CODE = YES;
				CLANG_WARN__DUPLICATE_METHOD_MATCH = YES;
				"CODE_SIGN_IDENTITY[sdk=iphoneos*]" = "iPhone Developer";
				COPY_PHASE_STRIP = NO;
				DEBUG_INFORMATION_FORMAT = dwarf;
				ENABLE_STRICT_OBJC_MSGSEND = YES;
				ENABLE_TESTABILITY = YES;
				GCC_C_LANGUAGE_STANDARD = gnu99;
				GCC_DYNAMIC_NO_PIC = NO;
				GCC_NO_COMMON_BLOCKS = YES;
				GCC_OPTIMIZATION_LEVEL = 0;
				GCC_PREPROCESSOR_DEFINITIONS = (
					"DEBUG=1",
					"$(inherited)",
				);
				GCC_WARN_64_TO_32_BIT_CONVERSION = YES;
				GCC_WARN_ABOUT_RETURN_TYPE = YES_ERROR;
				GCC_WARN_UNDECLARED_SELECTOR = YES;
				GCC_WARN_UNINITIALIZED_AUTOS = YES_AGGRESSIVE;
				GCC_WARN_UNUSED_FUNCTION = YES;
				GCC_WARN_UNUSED_VARIABLE = YES;
				IPHONEOS_DEPLOYMENT_TARGET = 9.3;
				MTL_ENABLE_DEBUG_INFO = YES;
				ONLY_ACTIVE_ARCH = YES;
				SDKROOT = iphoneos;
				SWIFT_OPTIMIZATION_LEVEL = "-Onone";
			};
			name = Debug;
		};
		31478E531D4F46DB006550B2 /* Release */ = {
			isa = XCBuildConfiguration;
			buildSettings = {
				ALWAYS_SEARCH_USER_PATHS = NO;
				CLANG_ANALYZER_NONNULL = YES;
				CLANG_CXX_LANGUAGE_STANDARD = "gnu++0x";
				CLANG_CXX_LIBRARY = "libc++";
				CLANG_ENABLE_MODULES = YES;
				CLANG_ENABLE_OBJC_ARC = YES;
				CLANG_WARN_BOOL_CONVERSION = YES;
				CLANG_WARN_CONSTANT_CONVERSION = YES;
				CLANG_WARN_DIRECT_OBJC_ISA_USAGE = YES_ERROR;
				CLANG_WARN_EMPTY_BODY = YES;
				CLANG_WARN_ENUM_CONVERSION = YES;
				CLANG_WARN_INT_CONVERSION = YES;
				CLANG_WARN_OBJC_ROOT_CLASS = YES_ERROR;
				CLANG_WARN_UNREACHABLE_CODE = YES;
				CLANG_WARN__DUPLICATE_METHOD_MATCH = YES;
				"CODE_SIGN_IDENTITY[sdk=iphoneos*]" = "iPhone Developer";
				COPY_PHASE_STRIP = NO;
				DEBUG_INFORMATION_FORMAT = "dwarf-with-dsym";
				ENABLE_NS_ASSERTIONS = NO;
				ENABLE_STRICT_OBJC_MSGSEND = YES;
				GCC_C_LANGUAGE_STANDARD = gnu99;
				GCC_NO_COMMON_BLOCKS = YES;
				GCC_WARN_64_TO_32_BIT_CONVERSION = YES;
				GCC_WARN_ABOUT_RETURN_TYPE = YES_ERROR;
				GCC_WARN_UNDECLARED_SELECTOR = YES;
				GCC_WARN_UNINITIALIZED_AUTOS = YES_AGGRESSIVE;
				GCC_WARN_UNUSED_FUNCTION = YES;
				GCC_WARN_UNUSED_VARIABLE = YES;
				IPHONEOS_DEPLOYMENT_TARGET = 9.3;
				MTL_ENABLE_DEBUG_INFO = NO;
				SDKROOT = iphoneos;
				VALIDATE_PRODUCT = YES;
			};
			name = Release;
		};
		31478E551D4F46DB006550B2 /* Debug */ = {
			isa = XCBuildConfiguration;
			buildSettings = {
				ASSETCATALOG_COMPILER_APPICON_NAME = AppIcon;
				CODE_SIGN_IDENTITY = "iPhone Developer";
				"CODE_SIGN_IDENTITY[sdk=iphoneos*]" = "iPhone Developer";
				INFOPLIST_FILE = Live_Weather/Info.plist;
				LD_RUNPATH_SEARCH_PATHS = "$(inherited) @executable_path/Frameworks";
				PRODUCT_BUNDLE_IDENTIFIER = "CS556D-Nikhil-Ajay-Bachhav-18479.Live-Weather";
				PRODUCT_NAME = "$(TARGET_NAME)";
				PROVISIONING_PROFILE = "";
			};
			name = Debug;
		};
		31478E561D4F46DB006550B2 /* Release */ = {
			isa = XCBuildConfiguration;
			buildSettings = {
				ASSETCATALOG_COMPILER_APPICON_NAME = AppIcon;
				CODE_SIGN_IDENTITY = "iPhone Developer";
				"CODE_SIGN_IDENTITY[sdk=iphoneos*]" = "iPhone Developer";
				INFOPLIST_FILE = Live_Weather/Info.plist;
				LD_RUNPATH_SEARCH_PATHS = "$(inherited) @executable_path/Frameworks";
				PRODUCT_BUNDLE_IDENTIFIER = "CS556D-Nikhil-Ajay-Bachhav-18479.Live-Weather";
				PRODUCT_NAME = "$(TARGET_NAME)";
				PROVISIONING_PROFILE = "";
			};
			name = Release;
		};
		31478E581D4F46DB006550B2 /* Debug */ = {
			isa = XCBuildConfiguration;
			buildSettings = {
				BUNDLE_LOADER = "$(TEST_HOST)";
				INFOPLIST_FILE = Live_WeatherTests/Info.plist;
				LD_RUNPATH_SEARCH_PATHS = "$(inherited) @executable_path/Frameworks @loader_path/Frameworks";
				PRODUCT_BUNDLE_IDENTIFIER = "CS556D-Nikhil-Ajay-Bachhav-18479.Live-WeatherTests";
				PRODUCT_NAME = "$(TARGET_NAME)";
				TEST_HOST = "$(BUILT_PRODUCTS_DIR)/Live_Weather.app/Live_Weather";
			};
			name = Debug;
		};
		31478E591D4F46DB006550B2 /* Release */ = {
			isa = XCBuildConfiguration;
			buildSettings = {
				BUNDLE_LOADER = "$(TEST_HOST)";
				INFOPLIST_FILE = Live_WeatherTests/Info.plist;
				LD_RUNPATH_SEARCH_PATHS = "$(inherited) @executable_path/Frameworks @loader_path/Frameworks";
				PRODUCT_BUNDLE_IDENTIFIER = "CS556D-Nikhil-Ajay-Bachhav-18479.Live-WeatherTests";
				PRODUCT_NAME = "$(TARGET_NAME)";
				TEST_HOST = "$(BUILT_PRODUCTS_DIR)/Live_Weather.app/Live_Weather";
			};
			name = Release;
		};
		31478E5B1D4F46DB006550B2 /* Debug */ = {
			isa = XCBuildConfiguration;
			buildSettings = {
				INFOPLIST_FILE = Live_WeatherUITests/Info.plist;
				LD_RUNPATH_SEARCH_PATHS = "$(inherited) @executable_path/Frameworks @loader_path/Frameworks";
				PRODUCT_BUNDLE_IDENTIFIER = "CS556D-Nikhil-Ajay-Bachhav-18479.Live-WeatherUITests";
				PRODUCT_NAME = "$(TARGET_NAME)";
				TEST_TARGET_NAME = Live_Weather;
			};
			name = Debug;
		};
		31478E5C1D4F46DB006550B2 /* Release */ = {
			isa = XCBuildConfiguration;
			buildSettings = {
				INFOPLIST_FILE = Live_WeatherUITests/Info.plist;
				LD_RUNPATH_SEARCH_PATHS = "$(inherited) @executable_path/Frameworks @loader_path/Frameworks";
				PRODUCT_BUNDLE_IDENTIFIER = "CS556D-Nikhil-Ajay-Bachhav-18479.Live-WeatherUITests";
				PRODUCT_NAME = "$(TARGET_NAME)";
				TEST_TARGET_NAME = Live_Weather;
			};
			name = Release;
		};
/* End XCBuildConfiguration section */

/* Begin XCConfigurationList section */
		31478E241D4F46DB006550B2 /* Build configuration list for PBXProject "Live_Weather" */ = {
			isa = XCConfigurationList;
			buildConfigurations = (
				31478E521D4F46DB006550B2 /* Debug */,
				31478E531D4F46DB006550B2 /* Release */,
			);
			defaultConfigurationIsVisible = 0;
			defaultConfigurationName = Release;
		};
		31478E541D4F46DB006550B2 /* Build configuration list for PBXNativeTarget "Live_Weather" */ = {
			isa = XCConfigurationList;
			buildConfigurations = (
				31478E551D4F46DB006550B2 /* Debug */,
				31478E561D4F46DB006550B2 /* Release */,
			);
			defaultConfigurationIsVisible = 0;
			defaultConfigurationName = Release;
		};
		31478E571D4F46DB006550B2 /* Build configuration list for PBXNativeTarget "Live_WeatherTests" */ = {
			isa = XCConfigurationList;
			buildConfigurations = (
				31478E581D4F46DB006550B2 /* Debug */,
				31478E591D4F46DB006550B2 /* Release */,
			);
			defaultConfigurationIsVisible = 0;
			defaultConfigurationName = Release;
		};
		31478E5A1D4F46DB006550B2 /* Build configuration list for PBXNativeTarget "Live_WeatherUITests" */ = {
			isa = XCConfigurationList;
			buildConfigurations = (
				31478E5B1D4F46DB006550B2 /* Debug */,
				31478E5C1D4F46DB006550B2 /* Release */,
			);
			defaultConfigurationIsVisible = 0;
			defaultConfigurationName = Release;
		};
/* End XCConfigurationList section */

/* Begin XCVersionGroup section */
		31478E331D4F46DB006550B2 /* Live_Weather.xcdatamodeld */ = {
			isa = XCVersionGroup;
			children = (
				31478E341D4F46DB006550B2 /* Live_Weather.xcdatamodel */,
			);
			currentVersion = 31478E341D4F46DB006550B2 /* Live_Weather.xcdatamodel */;
			path = Live_Weather.xcdatamodeld;
			sourceTree = "<group>";
			versionGroupType = wrapper.xcdatamodel;
		};
/* End XCVersionGroup section */
	};
	rootObject = 31478E211D4F46DB006550B2 /* Project object */;
}
